
Microsoft Visual Studio Solution File, Format Version 12.00
# Visual Studio Version 16
VisualStudioVersion = 16.0.31321.278
MinimumVisualStudioVersion = 10.0.40219.1
Project("{FAE04EC0-301F-11D3-BF4B-00C04F79EFBC}") = "WebAppcomDB", "WebAppcomDB\WebAppcomDB.csproj", "{420D6498-70BE-4E8E-94C3-1F85BA5BF1B3}"
EndProject
Project("{FAE04EC0-301F-11D3-BF4B-00C04F79EFBC}") = "WebAppComDB.Infra.Service", "WebAppComDB.Infra.Service\WebAppComDB.Infra.Service.csproj", "{F8115278-B8EA-4B18-8824-E9BAE6C5DA54}"
EndProject
Global
	GlobalSection(SolutionConfigurationPlatforms) = preSolution
		Debug|Any CPU = Debug|Any CPU
		Release|Any CPU = Release|Any CPU
	EndGlobalSection
	GlobalSection(ProjectConfigurationPlatforms) = postSolution
		{420D6498-70BE-4E8E-94C3-1F85BA5BF1B3}.Debug|Any CPU.ActiveCfg = Debug|Any CPU
		{420D6498-70BE-4E8E-94C3-1F85BA5BF1B3}.Debug|Any CPU.Build.0 = Debug|Any CPU
		{420D6498-70BE-4E8E-94C3-1F85BA5BF1B3}.Release|Any CPU.ActiveCfg = Release|Any CPU
		{420D6498-70BE-4E8E-94C3-1F85BA5BF1B3}.Release|Any CPU.Build.0 = Release|Any CPU
		{F8115278-B8EA-4B18-8824-E9BAE6C5DA54}.Debug|Any CPU.ActiveCfg = Debug|Any CPU
		{F8115278-B8EA-4B18-8824-E9BAE6C5DA54}.Debug|Any CPU.Build.0 = Debug|Any CPU
		{F8115278-B8EA-4B18-8824-E9BAE6C5DA54}.Release|Any CPU.ActiveCfg = Release|Any CPU
		{F8115278-B8EA-4B18-8824-E9BAE6C5DA54}.Release|Any CPU.Build.0 = Release|Any CPU
	EndGlobalSection
	GlobalSection(SolutionProperties) = preSolution
		HideSolutionNode = FALSE
	EndGlobalSection
	GlobalSection(ExtensibilityGlobals) = postSolution
		SolutionGuid = {E939C608-41CC-48EB-BA3E-8E0FF46EF24A}
	EndGlobalSection
EndGlobal
